
Microsoft Visual Studio Solution File, Format Version 12.00
# Visual Studio Version 16
VisualStudioVersion = 16.0.30011.22
MinimumVisualStudioVersion = 10.0.40219.1
Project("{FAE04EC0-301F-11D3-BF4B-00C04F79EFBC}") = "ElaboratoDB", "ElaboratoDB\ElaboratoDB.csproj", "{11969FEF-7CF1-4838-9F74-C06BC7F4CFCA}"
EndProject
Global
	GlobalSection(SolutionConfigurationPlatforms) = preSolution
		Debug|Any CPU = Debug|Any CPU
		Release|Any CPU = Release|Any CPU
	EndGlobalSection
	GlobalSection(ProjectConfigurationPlatforms) = postSolution
		{11969FEF-7CF1-4838-9F74-C06BC7F4CFCA}.Debug|Any CPU.ActiveCfg = Debug|Any CPU
		{11969FEF-7CF1-4838-9F74-C06BC7F4CFCA}.Debug|Any CPU.Build.0 = Debug|Any CPU
		{11969FEF-7CF1-4838-9F74-C06BC7F4CFCA}.Release|Any CPU.ActiveCfg = Release|Any CPU
		{11969FEF-7CF1-4838-9F74-C06BC7F4CFCA}.Release|Any CPU.Build.0 = Release|Any CPU
	EndGlobalSection
	GlobalSection(SolutionProperties) = preSolution
		HideSolutionNode = FALSE
	EndGlobalSection
	GlobalSection(ExtensibilityGlobals) = postSolution
		SolutionGuid = {C4EF56E5-7E12-41D6-ACE3-8E1279003C8F}
	EndGlobalSection
EndGlobal
